
Microsoft Visual Studio Solution File, Format Version 12.00
# Visual Studio Version 17
VisualStudioVersion = 17.0.31903.59
MinimumVisualStudioVersion = 10.0.40219.1
Project("{FAE04EC0-301F-11D3-BF4B-00C04F79EFBC}") = "ConcessionariaManager.Core", "ConcessionariaManager.Core\ConcessionariaManager.Core.csproj", "{DC5F36E9-F50E-439F-BF81-C3C8FD3D4254}"
EndProject
Project("{FAE04EC0-301F-11D3-BF4B-00C04F79EFBC}") = "ConcessionariaManager.Tests", "ConcessionariaManager.Tests\ConcessionariaManager.Tests.csproj", "{98C518EF-F564-4139-AC94-94ADB6417A30}"
EndProject
Project("{E53339B2-1760-4266-BCC7-CA923CBCF16C}") = "docker-compose", "docker-compose.dcproj", "{81DDED9D-158B-E303-5F62-77A2896D2A5A}"
EndProject
Project("{FAE04EC0-301F-11D3-BF4B-00C04F79EFBC}") = "ConcessionariaManager.Web", "ConcessionariaManager.Web\ConcessionariaManager.Web.csproj", "{82F5E0D8-E91F-4B7A-8223-749532242F2C}"
EndProject
Global
	GlobalSection(SolutionConfigurationPlatforms) = preSolution
		Debug|Any CPU = Debug|Any CPU
		Debug|x64 = Debug|x64
		Debug|x86 = Debug|x86
		Release|Any CPU = Release|Any CPU
		Release|x64 = Release|x64
		Release|x86 = Release|x86
	EndGlobalSection
	GlobalSection(ProjectConfigurationPlatforms) = postSolution
		{DC5F36E9-F50E-439F-BF81-C3C8FD3D4254}.Debug|Any CPU.ActiveCfg = Debug|Any CPU
		{DC5F36E9-F50E-439F-BF81-C3C8FD3D4254}.Debug|Any CPU.Build.0 = Debug|Any CPU
		{DC5F36E9-F50E-439F-BF81-C3C8FD3D4254}.Debug|x64.ActiveCfg = Debug|Any CPU
		{DC5F36E9-F50E-439F-BF81-C3C8FD3D4254}.Debug|x64.Build.0 = Debug|Any CPU
		{DC5F36E9-F50E-439F-BF81-C3C8FD3D4254}.Debug|x86.ActiveCfg = Debug|Any CPU
		{DC5F36E9-F50E-439F-BF81-C3C8FD3D4254}.Debug|x86.Build.0 = Debug|Any CPU
		{DC5F36E9-F50E-439F-BF81-C3C8FD3D4254}.Release|Any CPU.ActiveCfg = Release|Any CPU
		{DC5F36E9-F50E-439F-BF81-C3C8FD3D4254}.Release|Any CPU.Build.0 = Release|Any CPU
		{DC5F36E9-F50E-439F-BF81-C3C8FD3D4254}.Release|x64.ActiveCfg = Release|Any CPU
		{DC5F36E9-F50E-439F-BF81-C3C8FD3D4254}.Release|x64.Build.0 = Release|Any CPU
		{DC5F36E9-F50E-439F-BF81-C3C8FD3D4254}.Release|x86.ActiveCfg = Release|Any CPU
		{DC5F36E9-F50E-439F-BF81-C3C8FD3D4254}.Release|x86.Build.0 = Release|Any CPU
		{98C518EF-F564-4139-AC94-94ADB6417A30}.Debug|Any CPU.ActiveCfg = Debug|Any CPU
		{98C518EF-F564-4139-AC94-94ADB6417A30}.Debug|Any CPU.Build.0 = Debug|Any CPU
		{98C518EF-F564-4139-AC94-94ADB6417A30}.Debug|x64.ActiveCfg = Debug|Any CPU
		{98C518EF-F564-4139-AC94-94ADB6417A30}.Debug|x64.Build.0 = Debug|Any CPU
		{98C518EF-F564-4139-AC94-94ADB6417A30}.Debug|x86.ActiveCfg = Debug|Any CPU
		{98C518EF-F564-4139-AC94-94ADB6417A30}.Debug|x86.Build.0 = Debug|Any CPU
		{98C518EF-F564-4139-AC94-94ADB6417A30}.Release|Any CPU.ActiveCfg = Release|Any CPU
		{98C518EF-F564-4139-AC94-94ADB6417A30}.Release|Any CPU.Build.0 = Release|Any CPU
		{98C518EF-F564-4139-AC94-94ADB6417A30}.Release|x64.ActiveCfg = Release|Any CPU
		{98C518EF-F564-4139-AC94-94ADB6417A30}.Release|x64.Build.0 = Release|Any CPU
		{98C518EF-F564-4139-AC94-94ADB6417A30}.Release|x86.ActiveCfg = Release|Any CPU
		{98C518EF-F564-4139-AC94-94ADB6417A30}.Release|x86.Build.0 = Release|Any CPU
		{81DDED9D-158B-E303-5F62-77A2896D2A5A}.Debug|Any CPU.ActiveCfg = Debug|Any CPU
		{81DDED9D-158B-E303-5F62-77A2896D2A5A}.Debug|Any CPU.Build.0 = Debug|Any CPU
		{81DDED9D-158B-E303-5F62-77A2896D2A5A}.Debug|x64.ActiveCfg = Debug|Any CPU
		{81DDED9D-158B-E303-5F62-77A2896D2A5A}.Debug|x64.Build.0 = Debug|Any CPU
		{81DDED9D-158B-E303-5F62-77A2896D2A5A}.Debug|x86.ActiveCfg = Debug|Any CPU
		{81DDED9D-158B-E303-5F62-77A2896D2A5A}.Debug|x86.Build.0 = Debug|Any CPU
		{81DDED9D-158B-E303-5F62-77A2896D2A5A}.Release|Any CPU.ActiveCfg = Release|Any CPU
		{81DDED9D-158B-E303-5F62-77A2896D2A5A}.Release|Any CPU.Build.0 = Release|Any CPU
		{81DDED9D-158B-E303-5F62-77A2896D2A5A}.Release|x64.ActiveCfg = Release|Any CPU
		{81DDED9D-158B-E303-5F62-77A2896D2A5A}.Release|x64.Build.0 = Release|Any CPU
		{81DDED9D-158B-E303-5F62-77A2896D2A5A}.Release|x86.ActiveCfg = Release|Any CPU
		{81DDED9D-158B-E303-5F62-77A2896D2A5A}.Release|x86.Build.0 = Release|Any CPU
		{82F5E0D8-E91F-4B7A-8223-749532242F2C}.Debug|Any CPU.ActiveCfg = Debug|Any CPU
		{82F5E0D8-E91F-4B7A-8223-749532242F2C}.Debug|Any CPU.Build.0 = Debug|Any CPU
		{82F5E0D8-E91F-4B7A-8223-749532242F2C}.Debug|x64.ActiveCfg = Debug|Any CPU
		{82F5E0D8-E91F-4B7A-8223-749532242F2C}.Debug|x64.Build.0 = Debug|Any CPU
		{82F5E0D8-E91F-4B7A-8223-749532242F2C}.Debug|x86.ActiveCfg = Debug|Any CPU
		{82F5E0D8-E91F-4B7A-8223-749532242F2C}.Debug|x86.Build.0 = Debug|Any CPU
		{82F5E0D8-E91F-4B7A-8223-749532242F2C}.Release|Any CPU.ActiveCfg = Release|Any CPU
		{82F5E0D8-E91F-4B7A-8223-749532242F2C}.Release|Any CPU.Build.0 = Release|Any CPU
		{82F5E0D8-E91F-4B7A-8223-749532242F2C}.Release|x64.ActiveCfg = Release|Any CPU
		{82F5E0D8-E91F-4B7A-8223-749532242F2C}.Release|x64.Build.0 = Release|Any CPU
		{82F5E0D8-E91F-4B7A-8223-749532242F2C}.Release|x86.ActiveCfg = Release|Any CPU
		{82F5E0D8-E91F-4B7A-8223-749532242F2C}.Release|x86.Build.0 = Release|Any CPU
	EndGlobalSection
	GlobalSection(SolutionProperties) = preSolution
		HideSolutionNode = FALSE
	EndGlobalSection
	GlobalSection(ExtensibilityGlobals) = postSolution
		SolutionGuid = {B58D0FA7-3EEF-40D6-AD59-827A0B8823C1}
	EndGlobalSection
EndGlobal
